
Microsoft Visual Studio Solution File, Format Version 12.00
# Visual Studio Version 16
VisualStudioVersion = 16.0.28803.202
MinimumVisualStudioVersion = 10.0.40219.1
Project("{F184B08F-C81C-45F6-A57F-5ABD9991F28F}") = "Facturación", "Facturación\Facturación.vbproj", "{8FA71AB7-660A-4378-B92F-768FAB67AD64}"
EndProject
Global
	GlobalSection(SolutionConfigurationPlatforms) = preSolution
		Debug|Any CPU = Debug|Any CPU
		Release|Any CPU = Release|Any CPU
	EndGlobalSection
	GlobalSection(ProjectConfigurationPlatforms) = postSolution
		{8FA71AB7-660A-4378-B92F-768FAB67AD64}.Debug|Any CPU.ActiveCfg = Debug|Any CPU
		{8FA71AB7-660A-4378-B92F-768FAB67AD64}.Debug|Any CPU.Build.0 = Debug|Any CPU
		{8FA71AB7-660A-4378-B92F-768FAB67AD64}.Release|Any CPU.ActiveCfg = Release|Any CPU
		{8FA71AB7-660A-4378-B92F-768FAB67AD64}.Release|Any CPU.Build.0 = Release|Any CPU
	EndGlobalSection
	GlobalSection(SolutionProperties) = preSolution
		HideSolutionNode = FALSE
	EndGlobalSection
	GlobalSection(ExtensibilityGlobals) = postSolution
		SolutionGuid = {AAB31A2D-FE44-4AB6-BAFD-4A975C9EE15F}
	EndGlobalSection
EndGlobal
